{
  "version": 1,
  "dependencies": {
    "net9.0": {
      "redcompute.core": {
        "type": "Project"
      },
      "redcompute.plugin.localwsl": {
        "type": "Project",
        "dependencies": {
          "RedCompute.PluginSdk": "[1.0.0, )"
        }
      },
      "redcompute.pluginsdk": {
        "type": "Project",
        "dependencies": {
          "RedCompute.Core": "[1.0.0, )"
        }
      }
    },
    "net9.0/win-x64": {}
  }
}